// !$*UTF8*$!
{
	archiveVersion = 1;
	classes = {
	};
	objectVersion = 50;
	objects = {

/* Begin PBXBuildFile section */
		705B6DE8F4CC3FCDE2B5BC76 /* Pods_PokeLiveCards.framework in Frameworks */ = {isa = PBXBuildFile; fileRef = 3214F4EE4734E4AF213CF9AA /* Pods_PokeLiveCards.framework */; };
		E220D96B226797AB0065766A /* GoogleService-Info.plist in Resources */ = {isa = PBXBuildFile; fileRef = E220D96A226797AB0065766A /* GoogleService-Info.plist */; };
		E220D96D2267BD7F0065766A /* CardItem.swift in Sources */ = {isa = PBXBuildFile; fileRef = E220D96C2267BD7F0065766A /* CardItem.swift */; };
		E224222D226849FD0040F1D6 /* Pokemon.swift in Sources */ = {isa = PBXBuildFile; fileRef = E224222C226849FD0040F1D6 /* Pokemon.swift */; };
		E2276D27226D47530084A84D /* xerneas.gif in Resources */ = {isa = PBXBuildFile; fileRef = E2276D26226D47530084A84D /* xerneas.gif */; };
		E2276D2B226D5C0B0084A84D /* Xerneas in Resources */ = {isa = PBXBuildFile; fileRef = E2276D2A226D5C0B0084A84D /* Xerneas */; };
		E2276D2D226D5CC40084A84D /* model.dae in Resources */ = {isa = PBXBuildFile; fileRef = E2276D2C226D5CC00084A84D /* model.dae */; };
		E2276D2F226D61E10084A84D /* logo.png in Resources */ = {isa = PBXBuildFile; fileRef = E2276D2E226D61E00084A84D /* logo.png */; };
		E2294FA4226DCBD800BA1A1E /* TableViewController.swift in Sources */ = {isa = PBXBuildFile; fileRef = E2294FA3226DCBD800BA1A1E /* TableViewController.swift */; };
		E2294FA6226DCBF500BA1A1E /* TableViewCell.swift in Sources */ = {isa = PBXBuildFile; fileRef = E2294FA5226DCBF500BA1A1E /* TableViewCell.swift */; };
		E2331AFA225D115200F2DF4F /* FindPokeViewController.swift in Sources */ = {isa = PBXBuildFile; fileRef = E2331AF9225D115200F2DF4F /* FindPokeViewController.swift */; };
		E2A8F3D622688509007C75D6 /* dinosaur.mp4 in Resources */ = {isa = PBXBuildFile; fileRef = E2A8F3D5226882F3007C75D6 /* dinosaur.mp4 */; };
		E2C15065225AF1E300927F98 /* AppDelegate.swift in Sources */ = {isa = PBXBuildFile; fileRef = E2C15064225AF1E300927F98 /* AppDelegate.swift */; };
		E2C15067225AF1E300927F98 /* art.scnassets in Resources */ = {isa = PBXBuildFile; fileRef = E2C15066225AF1E300927F98 /* art.scnassets */; };
		E2C15069225AF1E300927F98 /* ViewController.swift in Sources */ = {isa = PBXBuildFile; fileRef = E2C15068225AF1E300927F98 /* ViewController.swift */; };
		E2C1506C225AF1E300927F98 /* Main.storyboard in Resources */ = {isa = PBXBuildFile; fileRef = E2C1506A225AF1E300927F98 /* Main.storyboard */; };
		E2C1506E225AF1ED00927F98 /* Assets.xcassets in Resources */ = {isa = PBXBuildFile; fileRef = E2C1506D225AF1ED00927F98 /* Assets.xcassets */; };
		E2C15071225AF1ED00927F98 /* LaunchScreen.storyboard in Resources */ = {isa = PBXBuildFile; fileRef = E2C1506F225AF1ED00927F98 /* LaunchScreen.storyboard */; };
/* End PBXBuildFile section */

/* Begin PBXFileReference section */
		2D2E45DFED7164DFD4096505 /* Pods-PokeLiveCards.debug.xcconfig */ = {isa = PBXFileReference; includeInIndex = 1; lastKnownFileType = text.xcconfig; name = "Pods-PokeLiveCards.debug.xcconfig"; path = "Target Support Files/Pods-PokeLiveCards/Pods-PokeLiveCards.debug.xcconfig"; sourceTree = "<group>"; };
		3214F4EE4734E4AF213CF9AA /* Pods_PokeLiveCards.framework */ = {isa = PBXFileReference; explicitFileType = wrapper.framework; includeInIndex = 0; path = Pods_PokeLiveCards.framework; sourceTree = BUILT_PRODUCTS_DIR; };
		E09F09D101F5E2AFBBDFF1B3 /* Pods-PokeLiveCards.release.xcconfig */ = {isa = PBXFileReference; includeInIndex = 1; lastKnownFileType = text.xcconfig; name = "Pods-PokeLiveCards.release.xcconfig"; path = "Target Support Files/Pods-PokeLiveCards/Pods-PokeLiveCards.release.xcconfig"; sourceTree = "<group>"; };
		E220D969226764620065766A /* PokeLiveCards.entitlements */ = {isa = PBXFileReference; lastKnownFileType = text.plist.entitlements; path = PokeLiveCards.entitlements; sourceTree = "<group>"; };
		E220D96A226797AB0065766A /* GoogleService-Info.plist */ = {isa = PBXFileReference; fileEncoding = 4; lastKnownFileType = text.plist.xml; path = "GoogleService-Info.plist"; sourceTree = "<group>"; };
		E220D96C2267BD7F0065766A /* CardItem.swift */ = {isa = PBXFileReference; lastKnownFileType = sourcecode.swift; path = CardItem.swift; sourceTree = "<group>"; };
		E224222C226849FD0040F1D6 /* Pokemon.swift */ = {isa = PBXFileReference; lastKnownFileType = sourcecode.swift; path = Pokemon.swift; sourceTree = "<group>"; };
		E2276D26226D47530084A84D /* xerneas.gif */ = {isa = PBXFileReference; lastKnownFileType = image.gif; path = xerneas.gif; sourceTree = "<group>"; };
		E2276D2A226D5C0B0084A84D /* Xerneas */ = {isa = PBXFileReference; lastKnownFileType = folder; path = Xerneas; sourceTree = "<group>"; };
		E2276D2C226D5CC00084A84D /* model.dae */ = {isa = PBXFileReference; lastKnownFileType = text.xml.dae; path = model.dae; sourceTree = "<group>"; };
		E2276D2E226D61E00084A84D /* logo.png */ = {isa = PBXFileReference; lastKnownFileType = image.png; path = logo.png; sourceTree = "<group>"; };
		E2294FA3226DCBD800BA1A1E /* TableViewController.swift */ = {isa = PBXFileReference; lastKnownFileType = sourcecode.swift; path = TableViewController.swift; sourceTree = "<group>"; };
		E2294FA5226DCBF500BA1A1E /* TableViewCell.swift */ = {isa = PBXFileReference; lastKnownFileType = sourcecode.swift; path = TableViewCell.swift; sourceTree = "<group>"; };
		E2331AF9225D115200F2DF4F /* FindPokeViewController.swift */ = {isa = PBXFileReference; lastKnownFileType = sourcecode.swift; path = FindPokeViewController.swift; sourceTree = "<group>"; };
		E2A8F3D5226882F3007C75D6 /* dinosaur.mp4 */ = {isa = PBXFileReference; lastKnownFileType = file; path = dinosaur.mp4; sourceTree = "<group>"; };
		E2C15061225AF1E300927F98 /* PokeLiveCards.app */ = {isa = PBXFileReference; explicitFileType = wrapper.application; includeInIndex = 0; path = PokeLiveCards.app; sourceTree = BUILT_PRODUCTS_DIR; };
		E2C15064225AF1E300927F98 /* AppDelegate.swift */ = {isa = PBXFileReference; lastKnownFileType = sourcecode.swift; path = AppDelegate.swift; sourceTree = "<group>"; };
		E2C15066225AF1E300927F98 /* art.scnassets */ = {isa = PBXFileReference; lastKnownFileType = wrapper.scnassets; path = art.scnassets; sourceTree = "<group>"; };
		E2C15068225AF1E300927F98 /* ViewController.swift */ = {isa = PBXFileReference; lastKnownFileType = sourcecode.swift; path = ViewController.swift; sourceTree = "<group>"; };
		E2C1506B225AF1E300927F98 /* Base */ = {isa = PBXFileReference; lastKnownFileType = file.storyboard; name = Base; path = Base.lproj/Main.storyboard; sourceTree = "<group>"; };
		E2C1506D225AF1ED00927F98 /* Assets.xcassets */ = {isa = PBXFileReference; lastKnownFileType = folder.assetcatalog; path = Assets.xcassets; sourceTree = "<group>"; };
		E2C15070225AF1ED00927F98 /* Base */ = {isa = PBXFileReference; lastKnownFileType = file.storyboard; name = Base; path = Base.lproj/LaunchScreen.storyboard; sourceTree = "<group>"; };
		E2C15072225AF1ED00927F98 /* Info.plist */ = {isa = PBXFileReference; lastKnownFileType = text.plist.xml; path = Info.plist; sourceTree = "<group>"; };
/* End PBXFileReference section */

/* Begin PBXFrameworksBuildPhase section */
		E2C1505E225AF1E300927F98 /* Frameworks */ = {
			isa = PBXFrameworksBuildPhase;
			buildActionMask = 2147483647;
			files = (
				705B6DE8F4CC3FCDE2B5BC76 /* Pods_PokeLiveCards.framework in Frameworks */,
			);
			runOnlyForDeploymentPostprocessing = 0;
		};
/* End PBXFrameworksBuildPhase section */

/* Begin PBXGroup section */
		3D6F2320923B4CA39337F62F /* Frameworks */ = {
			isa = PBXGroup;
			children = (
				3214F4EE4734E4AF213CF9AA /* Pods_PokeLiveCards.framework */,
			);
			name = Frameworks;
			sourceTree = "<group>";
		};
		8B48AC514FF49E84B2A2F63C /* Pods */ = {
			isa = PBXGroup;
			children = (
				2D2E45DFED7164DFD4096505 /* Pods-PokeLiveCards.debug.xcconfig */,
				E09F09D101F5E2AFBBDFF1B3 /* Pods-PokeLiveCards.release.xcconfig */,
			);
			path = Pods;
			sourceTree = "<group>";
		};
		E2C15058225AF1E300927F98 = {
			isa = PBXGroup;
			children = (
				E2C15063225AF1E300927F98 /* PokeLiveCards */,
				E2C15062225AF1E300927F98 /* Products */,
				3D6F2320923B4CA39337F62F /* Frameworks */,
				8B48AC514FF49E84B2A2F63C /* Pods */,
			);
			sourceTree = "<group>";
		};
		E2C15062225AF1E300927F98 /* Products */ = {
			isa = PBXGroup;
			children = (
				E2C15061225AF1E300927F98 /* PokeLiveCards.app */,
			);
			name = Products;
			sourceTree = "<group>";
		};
		E2C15063225AF1E300927F98 /* PokeLiveCards */ = {
			isa = PBXGroup;
			children = (
				E2276D2C226D5CC00084A84D /* model.dae */,
				E2276D2A226D5C0B0084A84D /* Xerneas */,
				E220D969226764620065766A /* PokeLiveCards.entitlements */,
				E2C15064225AF1E300927F98 /* AppDelegate.swift */,
				E2C15066225AF1E300927F98 /* art.scnassets */,
				E2C15068225AF1E300927F98 /* ViewController.swift */,
				E2276D26226D47530084A84D /* xerneas.gif */,
				E2A8F3D5226882F3007C75D6 /* dinosaur.mp4 */,
				E224222C226849FD0040F1D6 /* Pokemon.swift */,
				E2C1506A225AF1E300927F98 /* Main.storyboard */,
				E2294FA3226DCBD800BA1A1E /* TableViewController.swift */,
				E2294FA5226DCBF500BA1A1E /* TableViewCell.swift */,
				E2331AF9225D115200F2DF4F /* FindPokeViewController.swift */,
				E220D96C2267BD7F0065766A /* CardItem.swift */,
				E2C1506D225AF1ED00927F98 /* Assets.xcassets */,
				E2C1506F225AF1ED00927F98 /* LaunchScreen.storyboard */,
				E220D96A226797AB0065766A /* GoogleService-Info.plist */,
				E2C15072225AF1ED00927F98 /* Info.plist */,
				E2276D2E226D61E00084A84D /* logo.png */,
			);
			path = PokeLiveCards;
			sourceTree = "<group>";
		};
/* End PBXGroup section */

/* Begin PBXNativeTarget section */
		E2C15060225AF1E300927F98 /* PokeLiveCards */ = {
			isa = PBXNativeTarget;
			buildConfigurationList = E2C15075225AF1ED00927F98 /* Build configuration list for PBXNativeTarget "PokeLiveCards" */;
			buildPhases = (
				9EB0BC37AFD7B71ADA950136 /* [CP] Check Pods Manifest.lock */,
				E2C1505D225AF1E300927F98 /* Sources */,
				E2C1505E225AF1E300927F98 /* Frameworks */,
				E2C1505F225AF1E300927F98 /* Resources */,
				78E38D54DC8500D32E50953F /* [CP] Embed Pods Frameworks */,
			);
			buildRules = (
			);
			dependencies = (
			);
			name = PokeLiveCards;
			productName = PokeLiveCards;
			productReference = E2C15061225AF1E300927F98 /* PokeLiveCards.app */;
			productType = "com.apple.product-type.application";
		};
/* End PBXNativeTarget section */

/* Begin PBXProject section */
		E2C15059225AF1E300927F98 /* Project object */ = {
			isa = PBXProject;
			attributes = {
				LastSwiftUpdateCheck = 1020;
				LastUpgradeCheck = 1020;
				ORGANIZATIONNAME = "Carolini Freire Ardito Tavares";
				TargetAttributes = {
					E2C15060225AF1E300927F98 = {
						CreatedOnToolsVersion = 10.2;
						SystemCapabilities = {
							com.apple.ApplicationGroups.iOS = {
								enabled = 0;
							};
							com.apple.BackgroundModes = {
								enabled = 0;
							};
						};
					};
				};
			};
			buildConfigurationList = E2C1505C225AF1E300927F98 /* Build configuration list for PBXProject "PokeLiveCards" */;
			compatibilityVersion = "Xcode 9.3";
			developmentRegion = en;
			hasScannedForEncodings = 0;
			knownRegions = (
				en,
				Base,
			);
			mainGroup = E2C15058225AF1E300927F98;
			productRefGroup = E2C15062225AF1E300927F98 /* Products */;
			projectDirPath = "";
			projectRoot = "";
			targets = (
				E2C15060225AF1E300927F98 /* PokeLiveCards */,
			);
		};
/* End PBXProject section */

/* Begin PBXResourcesBuildPhase section */
		E2C1505F225AF1E300927F98 /* Resources */ = {
			isa = PBXResourcesBuildPhase;
			buildActionMask = 2147483647;
			files = (
				E2C15067225AF1E300927F98 /* art.scnassets in Resources */,
				E2C15071225AF1ED00927F98 /* LaunchScreen.storyboard in Resources */,
				E2276D2D226D5CC40084A84D /* model.dae in Resources */,
				E2A8F3D622688509007C75D6 /* dinosaur.mp4 in Resources */,
				E220D96B226797AB0065766A /* GoogleService-Info.plist in Resources */,
				E2276D27226D47530084A84D /* xerneas.gif in Resources */,
				E2276D2F226D61E10084A84D /* logo.png in Resources */,
				E2276D2B226D5C0B0084A84D /* Xerneas in Resources */,
				E2C1506E225AF1ED00927F98 /* Assets.xcassets in Resources */,
				E2C1506C225AF1E300927F98 /* Main.storyboard in Resources */,
			);
			runOnlyForDeploymentPostprocessing = 0;
		};
/* End PBXResourcesBuildPhase section */

/* Begin PBXShellScriptBuildPhase section */
		78E38D54DC8500D32E50953F /* [CP] Embed Pods Frameworks */ = {
			isa = PBXShellScriptBuildPhase;
			buildActionMask = 2147483647;
			files = (
			);
			inputFileListPaths = (
			);
			inputPaths = (
				"${PODS_ROOT}/Target Support Files/Pods-PokeLiveCards/Pods-PokeLiveCards-frameworks.sh",
				"${BUILT_PRODUCTS_DIR}/Alamofire/Alamofire.framework",
				"${BUILT_PRODUCTS_DIR}/GoogleUtilities/GoogleUtilities.framework",
				"${BUILT_PRODUCTS_DIR}/PokemonAPI/PokemonAPI.framework",
				"${BUILT_PRODUCTS_DIR}/SwiftyJSON/SwiftyJSON.framework",
				"${BUILT_PRODUCTS_DIR}/leveldb-library/leveldb.framework",
				"${BUILT_PRODUCTS_DIR}/nanopb/nanopb.framework",
			);
			name = "[CP] Embed Pods Frameworks";
			outputFileListPaths = (
			);
			outputPaths = (
				"${TARGET_BUILD_DIR}/${FRAMEWORKS_FOLDER_PATH}/Alamofire.framework",
				"${TARGET_BUILD_DIR}/${FRAMEWORKS_FOLDER_PATH}/GoogleUtilities.framework",
				"${TARGET_BUILD_DIR}/${FRAMEWORKS_FOLDER_PATH}/PokemonAPI.framework",
				"${TARGET_BUILD_DIR}/${FRAMEWORKS_FOLDER_PATH}/SwiftyJSON.framework",
				"${TARGET_BUILD_DIR}/${FRAMEWORKS_FOLDER_PATH}/leveldb.framework",
				"${TARGET_BUILD_DIR}/${FRAMEWORKS_FOLDER_PATH}/nanopb.framework",
			);
			runOnlyForDeploymentPostprocessing = 0;
			shellPath = /bin/sh;
			shellScript = "\"${PODS_ROOT}/Target Support Files/Pods-PokeLiveCards/Pods-PokeLiveCards-frameworks.sh\"\n";
			showEnvVarsInLog = 0;
		};
		9EB0BC37AFD7B71ADA950136 /* [CP] Check Pods Manifest.lock */ = {
			isa = PBXShellScriptBuildPhase;
			buildActionMask = 2147483647;
			files = (
			);
			inputFileListPaths = (
			);
			inputPaths = (
				"${PODS_PODFILE_DIR_PATH}/Podfile.lock",
				"${PODS_ROOT}/Manifest.lock",
			);
			name = "[CP] Check Pods Manifest.lock";
			outputFileListPaths = (
			);
			outputPaths = (
				"$(DERIVED_FILE_DIR)/Pods-PokeLiveCards-checkManifestLockResult.txt",
			);
			runOnlyForDeploymentPostprocessing = 0;
			shellPath = /bin/sh;
			shellScript = "diff \"${PODS_PODFILE_DIR_PATH}/Podfile.lock\" \"${PODS_ROOT}/Manifest.lock\" > /dev/null\nif [ $? != 0 ] ; then\n    # print error to STDERR\n    echo \"error: The sandbox is not in sync with the Podfile.lock. Run 'pod install' or update your CocoaPods installation.\" >&2\n    exit 1\nfi\n# This output is used by Xcode 'outputs' to avoid re-running this script phase.\necho \"SUCCESS\" > \"${SCRIPT_OUTPUT_FILE_0}\"\n";
			showEnvVarsInLog = 0;
		};
/* End PBXShellScriptBuildPhase section */

/* Begin PBXSourcesBuildPhase section */
		E2C1505D225AF1E300927F98 /* Sources */ = {
			isa = PBXSourcesBuildPhase;
			buildActionMask = 2147483647;
			files = (
				E224222D226849FD0040F1D6 /* Pokemon.swift in Sources */,
				E2294FA4226DCBD800BA1A1E /* TableViewController.swift in Sources */,
				E2C15069225AF1E300927F98 /* ViewController.swift in Sources */,
				E2331AFA225D115200F2DF4F /* FindPokeViewController.swift in Sources */,
				E220D96D2267BD7F0065766A /* CardItem.swift in Sources */,
				E2294FA6226DCBF500BA1A1E /* TableViewCell.swift in Sources */,
				E2C15065225AF1E300927F98 /* AppDelegate.swift in Sources */,
			);
			runOnlyForDeploymentPostprocessing = 0;
		};
/* End PBXSourcesBuildPhase section */

/* Begin PBXVariantGroup section */
		E2C1506A225AF1E300927F98 /* Main.storyboard */ = {
			isa = PBXVariantGroup;
			children = (
				E2C1506B225AF1E300927F98 /* Base */,
			);
			name = Main.storyboard;
			sourceTree = "<group>";
		};
		E2C1506F225AF1ED00927F98 /* LaunchScreen.storyboard */ = {
			isa = PBXVariantGroup;
			children = (
				E2C15070225AF1ED00927F98 /* Base */,
			);
			name = LaunchScreen.storyboard;
			sourceTree = "<group>";
		};
/* End PBXVariantGroup section */

/* Begin XCBuildConfiguration section */
		E2C15073225AF1ED00927F98 /* Debug */ = {
			isa = XCBuildConfiguration;
			buildSettings = {
				ALWAYS_SEARCH_USER_PATHS = NO;
				CLANG_ANALYZER_NONNULL = YES;
				CLANG_ANALYZER_NUMBER_OBJECT_CONVERSION = YES_AGGRESSIVE;
				CLANG_CXX_LANGUAGE_STANDARD = "gnu++14";
				CLANG_CXX_LIBRARY = "libc++";
				CLANG_ENABLE_MODULES = YES;
				CLANG_ENABLE_OBJC_ARC = YES;
				CLANG_ENABLE_OBJC_WEAK = YES;
				CLANG_WARN_BLOCK_CAPTURE_AUTORELEASING = YES;
				CLANG_WARN_BOOL_CONVERSION = YES;
				CLANG_WARN_COMMA = YES;
				CLANG_WARN_CONSTANT_CONVERSION = YES;
				CLANG_WARN_DEPRECATED_OBJC_IMPLEMENTATIONS = YES;
				CLANG_WARN_DIRECT_OBJC_ISA_USAGE = YES_ERROR;
				CLANG_WARN_DOCUMENTATION_COMMENTS = YES;
				CLANG_WARN_EMPTY_BODY = YES;
				CLANG_WARN_ENUM_CONVERSION = YES;
				CLANG_WARN_INFINITE_RECURSION = YES;
				CLANG_WARN_INT_CONVERSION = YES;
				CLANG_WARN_NON_LITERAL_NULL_CONVERSION = YES;
				CLANG_WARN_OBJC_IMPLICIT_RETAIN_SELF = YES;
				CLANG_WARN_OBJC_LITERAL_CONVERSION = YES;
				CLANG_WARN_OBJC_ROOT_CLASS = YES_ERROR;
				CLANG_WARN_RANGE_LOOP_ANALYSIS = YES;
				CLANG_WARN_STRICT_PROTOTYPES = YES;
				CLANG_WARN_SUSPICIOUS_MOVE = YES;
				CLANG_WARN_UNGUARDED_AVAILABILITY = YES_AGGRESSIVE;
				CLANG_WARN_UNREACHABLE_CODE = YES;
				CLANG_WARN__DUPLICATE_METHOD_MATCH = YES;
				CODE_SIGN_IDENTITY = "iPhone Developer";
				COPY_PHASE_STRIP = NO;
				DEBUG_INFORMATION_FORMAT = dwarf;
				ENABLE_STRICT_OBJC_MSGSEND = YES;
				ENABLE_TESTABILITY = YES;
				GCC_C_LANGUAGE_STANDARD = gnu11;
				GCC_DYNAMIC_NO_PIC = NO;
				GCC_NO_COMMON_BLOCKS = YES;
				GCC_OPTIMIZATION_LEVEL = 0;
				GCC_PREPROCESSOR_DEFINITIONS = (
					"DEBUG=1",
					"$(inherited)",
				);
				GCC_WARN_64_TO_32_BIT_CONVERSION = YES;
				GCC_WARN_ABOUT_RETURN_TYPE = YES_ERROR;
				GCC_WARN_UNDECLARED_SELECTOR = YES;
				GCC_WARN_UNINITIALIZED_AUTOS = YES_AGGRESSIVE;
				GCC_WARN_UNUSED_FUNCTION = YES;
				GCC_WARN_UNUSED_VARIABLE = YES;
				IPHONEOS_DEPLOYMENT_TARGET = 12.2;
				MTL_ENABLE_DEBUG_INFO = INCLUDE_SOURCE;
				MTL_FAST_MATH = YES;
				ONLY_ACTIVE_ARCH = YES;
				SDKROOT = iphoneos;
				SWIFT_ACTIVE_COMPILATION_CONDITIONS = DEBUG;
				SWIFT_OPTIMIZATION_LEVEL = "-Onone";
			};
			name = Debug;
		};
		E2C15074225AF1ED00927F98 /* Release */ = {
			isa = XCBuildConfiguration;
			buildSettings = {
				ALWAYS_SEARCH_USER_PATHS = NO;
				CLANG_ANALYZER_NONNULL = YES;
				CLANG_ANALYZER_NUMBER_OBJECT_CONVERSION = YES_AGGRESSIVE;
				CLANG_CXX_LANGUAGE_STANDARD = "gnu++14";
				CLANG_CXX_LIBRARY = "libc++";
				CLANG_ENABLE_MODULES = YES;
				CLANG_ENABLE_OBJC_ARC = YES;
				CLANG_ENABLE_OBJC_WEAK = YES;
				CLANG_WARN_BLOCK_CAPTURE_AUTORELEASING = YES;
				CLANG_WARN_BOOL_CONVERSION = YES;
				CLANG_WARN_COMMA = YES;
				CLANG_WARN_CONSTANT_CONVERSION = YES;
				CLANG_WARN_DEPRECATED_OBJC_IMPLEMENTATIONS = YES;
				CLANG_WARN_DIRECT_OBJC_ISA_USAGE = YES_ERROR;
				CLANG_WARN_DOCUMENTATION_COMMENTS = YES;
				CLANG_WARN_EMPTY_BODY = YES;
				CLANG_WARN_ENUM_CONVERSION = YES;
				CLANG_WARN_INFINITE_RECURSION = YES;
				CLANG_WARN_INT_CONVERSION = YES;
				CLANG_WARN_NON_LITERAL_NULL_CONVERSION = YES;
				CLANG_WARN_OBJC_IMPLICIT_RETAIN_SELF = YES;
				CLANG_WARN_OBJC_LITERAL_CONVERSION = YES;
				CLANG_WARN_OBJC_ROOT_CLASS = YES_ERROR;
				CLANG_WARN_RANGE_LOOP_ANALYSIS = YES;
				CLANG_WARN_STRICT_PROTOTYPES = YES;
				CLANG_WARN_SUSPICIOUS_MOVE = YES;
				CLANG_WARN_UNGUARDED_AVAILABILITY = YES_AGGRESSIVE;
				CLANG_WARN_UNREACHABLE_CODE = YES;
				CLANG_WARN__DUPLICATE_METHOD_MATCH = YES;
				CODE_SIGN_IDENTITY = "iPhone Developer";
				COPY_PHASE_STRIP = NO;
				DEBUG_INFORMATION_FORMAT = "dwarf-with-dsym";
				ENABLE_NS_ASSERTIONS = NO;
				ENABLE_STRICT_OBJC_MSGSEND = YES;
				GCC_C_LANGUAGE_STANDARD = gnu11;
				GCC_NO_COMMON_BLOCKS = YES;
				GCC_WARN_64_TO_32_BIT_CONVERSION = YES;
				GCC_WARN_ABOUT_RETURN_TYPE = YES_ERROR;
				GCC_WARN_UNDECLARED_SELECTOR = YES;
				GCC_WARN_UNINITIALIZED_AUTOS = YES_AGGRESSIVE;
				GCC_WARN_UNUSED_FUNCTION = YES;
				GCC_WARN_UNUSED_VARIABLE = YES;
				IPHONEOS_DEPLOYMENT_TARGET = 12.2;
				MTL_ENABLE_DEBUG_INFO = NO;
				MTL_FAST_MATH = YES;
				SDKROOT = iphoneos;
				SWIFT_COMPILATION_MODE = wholemodule;
				SWIFT_OPTIMIZATION_LEVEL = "-O";
				VALIDATE_PRODUCT = YES;
			};
			name = Release;
		};
		E2C15076225AF1ED00927F98 /* Debug */ = {
			isa = XCBuildConfiguration;
			baseConfigurationReference = 2D2E45DFED7164DFD4096505 /* Pods-PokeLiveCards.debug.xcconfig */;
			buildSettings = {
				ASSETCATALOG_COMPILER_APPICON_NAME = AppIcon;
				CODE_SIGN_STYLE = Automatic;
				DEVELOPMENT_TEAM = 398YP7754U;
				INFOPLIST_FILE = PokeLiveCards/Info.plist;
				LD_RUNPATH_SEARCH_PATHS = (
					"$(inherited)",
					"@executable_path/Frameworks",
				);
				PRODUCT_BUNDLE_IDENTIFIER = com.PokeLiveCards;
				PRODUCT_NAME = "$(TARGET_NAME)";
				SWIFT_VERSION = 5.0;
				TARGETED_DEVICE_FAMILY = "1,2";
			};
			name = Debug;
		};
		E2C15077225AF1ED00927F98 /* Release */ = {
			isa = XCBuildConfiguration;
			baseConfigurationReference = E09F09D101F5E2AFBBDFF1B3 /* Pods-PokeLiveCards.release.xcconfig */;
			buildSettings = {
				ASSETCATALOG_COMPILER_APPICON_NAME = AppIcon;
				CODE_SIGN_STYLE = Automatic;
				DEVELOPMENT_TEAM = 398YP7754U;
				INFOPLIST_FILE = PokeLiveCards/Info.plist;
				LD_RUNPATH_SEARCH_PATHS = (
					"$(inherited)",
					"@executable_path/Frameworks",
				);
				PRODUCT_BUNDLE_IDENTIFIER = com.PokeLiveCards;
				PRODUCT_NAME = "$(TARGET_NAME)";
				SWIFT_VERSION = 5.0;
				TARGETED_DEVICE_FAMILY = "1,2";
			};
			name = Release;
		};
/* End XCBuildConfiguration section */

/* Begin XCConfigurationList section */
		E2C1505C225AF1E300927F98 /* Build configuration list for PBXProject "PokeLiveCards" */ = {
			isa = XCConfigurationList;
			buildConfigurations = (
				E2C15073225AF1ED00927F98 /* Debug */,
				E2C15074225AF1ED00927F98 /* Release */,
			);
			defaultConfigurationIsVisible = 0;
			defaultConfigurationName = Release;
		};
		E2C15075225AF1ED00927F98 /* Build configuration list for PBXNativeTarget "PokeLiveCards" */ = {
			isa = XCConfigurationList;
			buildConfigurations = (
				E2C15076225AF1ED00927F98 /* Debug */,
				E2C15077225AF1ED00927F98 /* Release */,
			);
			defaultConfigurationIsVisible = 0;
			defaultConfigurationName = Release;
		};
/* End XCConfigurationList section */
	};
	rootObject = E2C15059225AF1E300927F98 /* Project object */;
}
